// !$*UTF8*$!
{
	archiveVersion = 1;
	classes = {
	};
	objectVersion = 55;
	objects = {

/* Begin PBXBuildFile section */
		0432599328D875D4001260A9 /* AppDelegate.swift in Sources */ = {isa = PBXBuildFile; fileRef = 0432599228D875D4001260A9 /* AppDelegate.swift */; };
		0432599528D875D4001260A9 /* SceneDelegate.swift in Sources */ = {isa = PBXBuildFile; fileRef = 0432599428D875D4001260A9 /* SceneDelegate.swift */; };
		0432599728D875D4001260A9 /* ViewController.swift in Sources */ = {isa = PBXBuildFile; fileRef = 0432599628D875D4001260A9 /* ViewController.swift */; };
		0432599A28D875D4001260A9 /* Main.storyboard in Resources */ = {isa = PBXBuildFile; fileRef = 0432599828D875D4001260A9 /* Main.storyboard */; };
		0432599C28D875D7001260A9 /* Assets.xcassets in Resources */ = {isa = PBXBuildFile; fileRef = 0432599B28D875D7001260A9 /* Assets.xcassets */; };
		043259AD28D8B3E0001260A9 /* LaunchScreen.storyboard in Resources */ = {isa = PBXBuildFile; fileRef = 043259AC28D8B3E0001260A9 /* LaunchScreen.storyboard */; };
		043259B728D8B4A4001260A9 /* CoffeeShopViewCell.swift in Sources */ = {isa = PBXBuildFile; fileRef = 043259B428D8B4A4001260A9 /* CoffeeShopViewCell.swift */; };
		043259B828D8B4A4001260A9 /* CoffeeShop.storyboard in Resources */ = {isa = PBXBuildFile; fileRef = 043259B528D8B4A4001260A9 /* CoffeeShop.storyboard */; };
		043259B928D8B4A4001260A9 /* CoffeeShopListViewController.swift in Sources */ = {isa = PBXBuildFile; fileRef = 043259B628D8B4A4001260A9 /* CoffeeShopListViewController.swift */; };
/* End PBXBuildFile section */

/* Begin PBXFileReference section */
		0432598F28D875D4001260A9 /* Kopi Surgawi.app */ = {isa = PBXFileReference; explicitFileType = wrapper.application; includeInIndex = 0; path = "Kopi Surgawi.app"; sourceTree = BUILT_PRODUCTS_DIR; };
		0432599228D875D4001260A9 /* AppDelegate.swift */ = {isa = PBXFileReference; lastKnownFileType = sourcecode.swift; path = AppDelegate.swift; sourceTree = "<group>"; };
		0432599428D875D4001260A9 /* SceneDelegate.swift */ = {isa = PBXFileReference; lastKnownFileType = sourcecode.swift; path = SceneDelegate.swift; sourceTree = "<group>"; };
		0432599628D875D4001260A9 /* ViewController.swift */ = {isa = PBXFileReference; lastKnownFileType = sourcecode.swift; path = ViewController.swift; sourceTree = "<group>"; };
		0432599928D875D4001260A9 /* Base */ = {isa = PBXFileReference; lastKnownFileType = file.storyboard; name = Base; path = Base.lproj/Main.storyboard; sourceTree = "<group>"; };
		0432599B28D875D7001260A9 /* Assets.xcassets */ = {isa = PBXFileReference; lastKnownFileType = folder.assetcatalog; path = Assets.xcassets; sourceTree = "<group>"; };
		043259A028D875D7001260A9 /* Info.plist */ = {isa = PBXFileReference; lastKnownFileType = text.plist.xml; path = Info.plist; sourceTree = "<group>"; };
		043259AC28D8B3E0001260A9 /* LaunchScreen.storyboard */ = {isa = PBXFileReference; fileEncoding = 4; lastKnownFileType = file.storyboard; path = LaunchScreen.storyboard; sourceTree = "<group>"; };
		043259B428D8B4A4001260A9 /* CoffeeShopViewCell.swift */ = {isa = PBXFileReference; fileEncoding = 4; lastKnownFileType = sourcecode.swift; path = CoffeeShopViewCell.swift; sourceTree = "<group>"; };
		043259B528D8B4A4001260A9 /* CoffeeShop.storyboard */ = {isa = PBXFileReference; fileEncoding = 4; lastKnownFileType = file.storyboard; path = CoffeeShop.storyboard; sourceTree = "<group>"; };
		043259B628D8B4A4001260A9 /* CoffeeShopListViewController.swift */ = {isa = PBXFileReference; fileEncoding = 4; lastKnownFileType = sourcecode.swift; path = CoffeeShopListViewController.swift; sourceTree = "<group>"; };
/* End PBXFileReference section */

/* Begin PBXFrameworksBuildPhase section */
		0432598C28D875D4001260A9 /* Frameworks */ = {
			isa = PBXFrameworksBuildPhase;
			buildActionMask = 2147483647;
			files = (
			);
			runOnlyForDeploymentPostprocessing = 0;
		};
/* End PBXFrameworksBuildPhase section */

/* Begin PBXGroup section */
		0432598628D875D3001260A9 = {
			isa = PBXGroup;
			children = (
				0432599128D875D4001260A9 /* Kopi Surgawi */,
				0432599028D875D4001260A9 /* Products */,
			);
			sourceTree = "<group>";
		};
		0432599028D875D4001260A9 /* Products */ = {
			isa = PBXGroup;
			children = (
				0432598F28D875D4001260A9 /* Kopi Surgawi.app */,
			);
			name = Products;
			sourceTree = "<group>";
		};
		0432599128D875D4001260A9 /* Kopi Surgawi */ = {
			isa = PBXGroup;
			children = (
				0432599228D875D4001260A9 /* AppDelegate.swift */,
				0432599428D875D4001260A9 /* SceneDelegate.swift */,
				0432599628D875D4001260A9 /* ViewController.swift */,
				0432599828D875D4001260A9 /* Main.storyboard */,
				0432599B28D875D7001260A9 /* Assets.xcassets */,
				043259AC28D8B3E0001260A9 /* LaunchScreen.storyboard */,
				043259A028D875D7001260A9 /* Info.plist */,
				043259B528D8B4A4001260A9 /* CoffeeShop.storyboard */,
				043259B628D8B4A4001260A9 /* CoffeeShopListViewController.swift */,
				043259B428D8B4A4001260A9 /* CoffeeShopViewCell.swift */,
			);
			path = "Kopi Surgawi";
			sourceTree = "<group>";
		};
/* End PBXGroup section */

/* Begin PBXNativeTarget section */
		0432598E28D875D4001260A9 /* Kopi Surgawi */ = {
			isa = PBXNativeTarget;
			buildConfigurationList = 043259A328D875D7001260A9 /* Build configuration list for PBXNativeTarget "Kopi Surgawi" */;
			buildPhases = (
				0432598B28D875D4001260A9 /* Sources */,
				0432598C28D875D4001260A9 /* Frameworks */,
				0432598D28D875D4001260A9 /* Resources */,
			);
			buildRules = (
			);
			dependencies = (
			);
			name = "Kopi Surgawi";
			productName = "Kopi Surgawi";
			productReference = 0432598F28D875D4001260A9 /* Kopi Surgawi.app */;
			productType = "com.apple.product-type.application";
		};
/* End PBXNativeTarget section */

/* Begin PBXProject section */
		0432598728D875D3001260A9 /* Project object */ = {
			isa = PBXProject;
			attributes = {
				BuildIndependentTargetsInParallel = 1;
				LastSwiftUpdateCheck = 1320;
				LastUpgradeCheck = 1320;
				TargetAttributes = {
					0432598E28D875D4001260A9 = {
						CreatedOnToolsVersion = 13.2.1;
					};
				};
			};
			buildConfigurationList = 0432598A28D875D3001260A9 /* Build configuration list for PBXProject "Kopi Surgawi" */;
			compatibilityVersion = "Xcode 13.0";
			developmentRegion = en;
			hasScannedForEncodings = 0;
			knownRegions = (
				en,
				Base,
			);
			mainGroup = 0432598628D875D3001260A9;
			productRefGroup = 0432599028D875D4001260A9 /* Products */;
			projectDirPath = "";
			projectRoot = "";
			targets = (
				0432598E28D875D4001260A9 /* Kopi Surgawi */,
			);
		};
/* End PBXProject section */

/* Begin PBXResourcesBuildPhase section */
		0432598D28D875D4001260A9 /* Resources */ = {
			isa = PBXResourcesBuildPhase;
			buildActionMask = 2147483647;
			files = (
				0432599C28D875D7001260A9 /* Assets.xcassets in Resources */,
				043259AD28D8B3E0001260A9 /* LaunchScreen.storyboard in Resources */,
				043259B828D8B4A4001260A9 /* CoffeeShop.storyboard in Resources */,
				0432599A28D875D4001260A9 /* Main.storyboard in Resources */,
			);
			runOnlyForDeploymentPostprocessing = 0;
		};
/* End PBXResourcesBuildPhase section */

/* Begin PBXSourcesBuildPhase section */
		0432598B28D875D4001260A9 /* Sources */ = {
			isa = PBXSourcesBuildPhase;
			buildActionMask = 2147483647;
			files = (
				0432599728D875D4001260A9 /* ViewController.swift in Sources */,
				0432599328D875D4001260A9 /* AppDelegate.swift in Sources */,
				043259B928D8B4A4001260A9 /* CoffeeShopListViewController.swift in Sources */,
				043259B728D8B4A4001260A9 /* CoffeeShopViewCell.swift in Sources */,
				0432599528D875D4001260A9 /* SceneDelegate.swift in Sources */,
			);
			runOnlyForDeploymentPostprocessing = 0;
		};
/* End PBXSourcesBuildPhase section */

/* Begin PBXVariantGroup section */
		0432599828D875D4001260A9 /* Main.storyboard */ = {
			isa = PBXVariantGroup;
			children = (
				0432599928D875D4001260A9 /* Base */,
			);
			name = Main.storyboard;
			sourceTree = "<group>";
		};
/* End PBXVariantGroup section */

/* Begin XCBuildConfiguration section */
		043259A128D875D7001260A9 /* Debug */ = {
			isa = XCBuildConfiguration;
			buildSettings = {
				ALWAYS_SEARCH_USER_PATHS = NO;
				CLANG_ANALYZER_NONNULL = YES;
				CLANG_ANALYZER_NUMBER_OBJECT_CONVERSION = YES_AGGRESSIVE;
				CLANG_CXX_LANGUAGE_STANDARD = "gnu++17";
				CLANG_CXX_LIBRARY = "libc++";
				CLANG_ENABLE_MODULES = YES;
				CLANG_ENABLE_OBJC_ARC = YES;
				CLANG_ENABLE_OBJC_WEAK = YES;
				CLANG_WARN_BLOCK_CAPTURE_AUTORELEASING = YES;
				CLANG_WARN_BOOL_CONVERSION = YES;
				CLANG_WARN_COMMA = YES;
				CLANG_WARN_CONSTANT_CONVERSION = YES;
				CLANG_WARN_DEPRECATED_OBJC_IMPLEMENTATIONS = YES;
				CLANG_WARN_DIRECT_OBJC_ISA_USAGE = YES_ERROR;
				CLANG_WARN_DOCUMENTATION_COMMENTS = YES;
				CLANG_WARN_EMPTY_BODY = YES;
				CLANG_WARN_ENUM_CONVERSION = YES;
				CLANG_WARN_INFINITE_RECURSION = YES;
				CLANG_WARN_INT_CONVERSION = YES;
				CLANG_WARN_NON_LITERAL_NULL_CONVERSION = YES;
				CLANG_WARN_OBJC_IMPLICIT_RETAIN_SELF = YES;
				CLANG_WARN_OBJC_LITERAL_CONVERSION = YES;
				CLANG_WARN_OBJC_ROOT_CLASS = YES_ERROR;
				CLANG_WARN_QUOTED_INCLUDE_IN_FRAMEWORK_HEADER = YES;
				CLANG_WARN_RANGE_LOOP_ANALYSIS = YES;
				CLANG_WARN_STRICT_PROTOTYPES = YES;
				CLANG_WARN_SUSPICIOUS_MOVE = YES;
				CLANG_WARN_UNGUARDED_AVAILABILITY = YES_AGGRESSIVE;
				CLANG_WARN_UNREACHABLE_CODE = YES;
				CLANG_WARN__DUPLICATE_METHOD_MATCH = YES;
				COPY_PHASE_STRIP = NO;
				DEBUG_INFORMATION_FORMAT = dwarf;
				ENABLE_STRICT_OBJC_MSGSEND = YES;
				ENABLE_TESTABILITY = YES;
				GCC_C_LANGUAGE_STANDARD = gnu11;
				GCC_DYNAMIC_NO_PIC = NO;
				GCC_NO_COMMON_BLOCKS = YES;
				GCC_OPTIMIZATION_LEVEL = 0;
				GCC_PREPROCESSOR_DEFINITIONS = (
					"DEBUG=1",
					"$(inherited)",
				);
				GCC_WARN_64_TO_32_BIT_CONVERSION = YES;
				GCC_WARN_ABOUT_RETURN_TYPE = YES_ERROR;
				GCC_WARN_UNDECLARED_SELECTOR = YES;
				GCC_WARN_UNINITIALIZED_AUTOS = YES_AGGRESSIVE;
				GCC_WARN_UNUSED_FUNCTION = YES;
				GCC_WARN_UNUSED_VARIABLE = YES;
				IPHONEOS_DEPLOYMENT_TARGET = 15.2;
				MTL_ENABLE_DEBUG_INFO = INCLUDE_SOURCE;
				MTL_FAST_MATH = YES;
				ONLY_ACTIVE_ARCH = YES;
				SDKROOT = iphoneos;
				SWIFT_ACTIVE_COMPILATION_CONDITIONS = DEBUG;
				SWIFT_OPTIMIZATION_LEVEL = "-Onone";
			};
			name = Debug;
		};
		043259A228D875D7001260A9 /* Release */ = {
			isa = XCBuildConfiguration;
			buildSettings = {
				ALWAYS_SEARCH_USER_PATHS = NO;
				CLANG_ANALYZER_NONNULL = YES;
				CLANG_ANALYZER_NUMBER_OBJECT_CONVERSION = YES_AGGRESSIVE;
				CLANG_CXX_LANGUAGE_STANDARD = "gnu++17";
				CLANG_CXX_LIBRARY = "libc++";
				CLANG_ENABLE_MODULES = YES;
				CLANG_ENABLE_OBJC_ARC = YES;
				CLANG_ENABLE_OBJC_WEAK = YES;
				CLANG_WARN_BLOCK_CAPTURE_AUTORELEASING = YES;
				CLANG_WARN_BOOL_CONVERSION = YES;
				CLANG_WARN_COMMA = YES;
				CLANG_WARN_CONSTANT_CONVERSION = YES;
				CLANG_WARN_DEPRECATED_OBJC_IMPLEMENTATIONS = YES;
				CLANG_WARN_DIRECT_OBJC_ISA_USAGE = YES_ERROR;
				CLANG_WARN_DOCUMENTATION_COMMENTS = YES;
				CLANG_WARN_EMPTY_BODY = YES;
				CLANG_WARN_ENUM_CONVERSION = YES;
				CLANG_WARN_INFINITE_RECURSION = YES;
				CLANG_WARN_INT_CONVERSION = YES;
				CLANG_WARN_NON_LITERAL_NULL_CONVERSION = YES;
				CLANG_WARN_OBJC_IMPLICIT_RETAIN_SELF = YES;
				CLANG_WARN_OBJC_LITERAL_CONVERSION = YES;
				CLANG_WARN_OBJC_ROOT_CLASS = YES_ERROR;
				CLANG_WARN_QUOTED_INCLUDE_IN_FRAMEWORK_HEADER = YES;
				CLANG_WARN_RANGE_LOOP_ANALYSIS = YES;
				CLANG_WARN_STRICT_PROTOTYPES = YES;
				CLANG_WARN_SUSPICIOUS_MOVE = YES;
				CLANG_WARN_UNGUARDED_AVAILABILITY = YES_AGGRESSIVE;
				CLANG_WARN_UNREACHABLE_CODE = YES;
				CLANG_WARN__DUPLICATE_METHOD_MATCH = YES;
				COPY_PHASE_STRIP = NO;
				DEBUG_INFORMATION_FORMAT = "dwarf-with-dsym";
				ENABLE_NS_ASSERTIONS = NO;
				ENABLE_STRICT_OBJC_MSGSEND = YES;
				GCC_C_LANGUAGE_STANDARD = gnu11;
				GCC_NO_COMMON_BLOCKS = YES;
				GCC_WARN_64_TO_32_BIT_CONVERSION = YES;
				GCC_WARN_ABOUT_RETURN_TYPE = YES_ERROR;
				GCC_WARN_UNDECLARED_SELECTOR = YES;
				GCC_WARN_UNINITIALIZED_AUTOS = YES_AGGRESSIVE;
				GCC_WARN_UNUSED_FUNCTION = YES;
				GCC_WARN_UNUSED_VARIABLE = YES;
				IPHONEOS_DEPLOYMENT_TARGET = 15.2;
				MTL_ENABLE_DEBUG_INFO = NO;
				MTL_FAST_MATH = YES;
				SDKROOT = iphoneos;
				SWIFT_COMPILATION_MODE = wholemodule;
				SWIFT_OPTIMIZATION_LEVEL = "-O";
				VALIDATE_PRODUCT = YES;
			};
			name = Release;
		};
		043259A428D875D7001260A9 /* Debug */ = {
			isa = XCBuildConfiguration;
			buildSettings = {
				ASSETCATALOG_COMPILER_APPICON_NAME = AppIcon;
				ASSETCATALOG_COMPILER_GLOBAL_ACCENT_COLOR_NAME = AccentColor;
				CODE_SIGN_STYLE = Automatic;
				CURRENT_PROJECT_VERSION = 1;
				DEVELOPMENT_TEAM = H483TM3N88;
				GENERATE_INFOPLIST_FILE = YES;
				INFOPLIST_FILE = "Kopi Surgawi/Info.plist";
				INFOPLIST_KEY_UIApplicationSupportsIndirectInputEvents = YES;
				INFOPLIST_KEY_UILaunchStoryboardName = LaunchScreen;
				INFOPLIST_KEY_UIMainStoryboardFile = CoffeeShop;
				INFOPLIST_KEY_UISupportedInterfaceOrientations_iPad = "UIInterfaceOrientationPortrait UIInterfaceOrientationPortraitUpsideDown UIInterfaceOrientationLandscapeLeft UIInterfaceOrientationLandscapeRight";
				INFOPLIST_KEY_UISupportedInterfaceOrientations_iPhone = "UIInterfaceOrientationPortrait UIInterfaceOrientationLandscapeLeft UIInterfaceOrientationLandscapeRight";
				LD_RUNPATH_SEARCH_PATHS = (
					"$(inherited)",
					"@executable_path/Frameworks",
				);
				MARKETING_VERSION = 1.0;
				PRODUCT_BUNDLE_IDENTIFIER = "com.aldybuana.Kopi-Surgawi";
				PRODUCT_NAME = "$(TARGET_NAME)";
				SWIFT_EMIT_LOC_STRINGS = YES;
				SWIFT_VERSION = 5.0;
				TARGETED_DEVICE_FAMILY = "1,2";
			};
			name = Debug;
		};
		043259A528D875D7001260A9 /* Release */ = {
			isa = XCBuildConfiguration;
			buildSettings = {
				ASSETCATALOG_COMPILER_APPICON_NAME = AppIcon;
				ASSETCATALOG_COMPILER_GLOBAL_ACCENT_COLOR_NAME = AccentColor;
				CODE_SIGN_STYLE = Automatic;
				CURRENT_PROJECT_VERSION = 1;
				DEVELOPMENT_TEAM = H483TM3N88;
				GENERATE_INFOPLIST_FILE = YES;
				INFOPLIST_FILE = "Kopi Surgawi/Info.plist";
				INFOPLIST_KEY_UIApplicationSupportsIndirectInputEvents = YES;
				INFOPLIST_KEY_UILaunchStoryboardName = LaunchScreen;
				INFOPLIST_KEY_UIMainStoryboardFile = CoffeeShop;
				INFOPLIST_KEY_UISupportedInterfaceOrientations_iPad = "UIInterfaceOrientationPortrait UIInterfaceOrientationPortraitUpsideDown UIInterfaceOrientationLandscapeLeft UIInterfaceOrientationLandscapeRight";
				INFOPLIST_KEY_UISupportedInterfaceOrientations_iPhone = "UIInterfaceOrientationPortrait UIInterfaceOrientationLandscapeLeft UIInterfaceOrientationLandscapeRight";
				LD_RUNPATH_SEARCH_PATHS = (
					"$(inherited)",
					"@executable_path/Frameworks",
				);
				MARKETING_VERSION = 1.0;
				PRODUCT_BUNDLE_IDENTIFIER = "com.aldybuana.Kopi-Surgawi";
				PRODUCT_NAME = "$(TARGET_NAME)";
				SWIFT_EMIT_LOC_STRINGS = YES;
				SWIFT_VERSION = 5.0;
				TARGETED_DEVICE_FAMILY = "1,2";
			};
			name = Release;
		};
/* End XCBuildConfiguration section */

/* Begin XCConfigurationList section */
		0432598A28D875D3001260A9 /* Build configuration list for PBXProject "Kopi Surgawi" */ = {
			isa = XCConfigurationList;
			buildConfigurations = (
				043259A128D875D7001260A9 /* Debug */,
				043259A228D875D7001260A9 /* Release */,
			);
			defaultConfigurationIsVisible = 0;
			defaultConfigurationName = Release;
		};
		043259A328D875D7001260A9 /* Build configuration list for PBXNativeTarget "Kopi Surgawi" */ = {
			isa = XCConfigurationList;
			buildConfigurations = (
				043259A428D875D7001260A9 /* Debug */,
				043259A528D875D7001260A9 /* Release */,
			);
			defaultConfigurationIsVisible = 0;
			defaultConfigurationName = Release;
		};
/* End XCConfigurationList section */
	};
	rootObject = 0432598728D875D3001260A9 /* Project object */;
}
